
Microsoft Visual Studio Solution File, Format Version 12.00
# Visual Studio Version 17
VisualStudioVersion = 17.5.33502.453
MinimumVisualStudioVersion = 10.0.40219.1
Project("{2150E333-8FDC-42A3-9474-1A3956D46DE8}") = "Internal", "Internal", "{261CF789-53A4-454B-8786-477FF88BD717}"
	ProjectSection(SolutionItems) = preProject
		Internal\.editorconfig = Internal\.editorconfig
	EndProjectSection
EndProject
Project("{2150E333-8FDC-42A3-9474-1A3956D46DE8}") = "Scripts", "Scripts", "{9AA1249E-798A-41AA-A432-E4AC8E3C5A36}"
EndProject
Project("{2150E333-8FDC-42A3-9474-1A3956D46DE8}") = "Dlls", "Dlls", "{D23B4DF4-C654-4F78-A234-3C12881D0DCA}"
	ProjectSection(SolutionItems) = preProject
		Dlls\ABOUT.md = Dlls\ABOUT.md
	EndProjectSection
EndProject
Project("{2150E333-8FDC-42A3-9474-1A3956D46DE8}") = "CompanionFiles", "CompanionFiles", "{F85086A4-52DE-400C-9EEB-6E44BD0458FE}"
EndProject
Project("{2150E333-8FDC-42A3-9474-1A3956D46DE8}") = "Skyline DataMiner", "Skyline DataMiner", "{9CCD0AA7-6167-42C8-BC2D-1808D7823C76}"
	ProjectSection(SolutionItems) = preProject
		CompanionFiles\Skyline DataMiner\AboutThisFolder.md = CompanionFiles\Skyline DataMiner\AboutThisFolder.md
	EndProjectSection
EndProject
Project("{2150E333-8FDC-42A3-9474-1A3956D46DE8}") = "Documentation", "Documentation", "{6CF8E917-6406-42BE-B249-EED0B3DDAC8F}"
	ProjectSection(SolutionItems) = preProject
		Documentation\ABOUT.md = Documentation\ABOUT.md
		README.md = README.md
	EndProjectSection
EndProject
Project("{2150E333-8FDC-42A3-9474-1A3956D46DE8}") = "Tests", "Tests", "{F8938D60-51A0-4880-9CFC-19C66379BB5D}"
EndProject
Project("{2150E333-8FDC-42A3-9474-1A3956D46DE8}") = "Code Analysis", "Code Analysis", "{4EA17F98-006D-4B4E-B255-A4E16FFF29CD}"
	ProjectSection(SolutionItems) = preProject
		Internal\Code Analysis\qaction-debug.ruleset = Internal\Code Analysis\qaction-debug.ruleset
		Internal\Code Analysis\qaction-release.ruleset = Internal\Code Analysis\qaction-release.ruleset
		Internal\Code Analysis\stylecop.json = Internal\Code Analysis\stylecop.json
	EndProjectSection
EndProject
Project("{2150E333-8FDC-42A3-9474-1A3956D46DE8}") = "HelloWorld", "HelloWorld", "{1F853765-7F71-46EE-86DF-E86C8574A656}"
	ProjectSection(SolutionItems) = preProject
		HelloWorld.xml = HelloWorld.xml
	EndProjectSection
EndProject
Project("{2150E333-8FDC-42A3-9474-1A3956D46DE8}") = "Actions", "Actions", "{41B73F72-929D-4351-8ED1-CB046882621B}"
EndProject
Project("{9A19103F-16F7-4668-BE54-9A1E7A4F7556}") = "HelloWorld_1", "HelloWorld_1\HelloWorld_1.csproj", "{CB36414B-517D-4498-9BEA-6B9BFBE836A4}"
EndProject
Global
	GlobalSection(SolutionConfigurationPlatforms) = preSolution
		Debug|Any CPU = Debug|Any CPU
		Release|Any CPU = Release|Any CPU
	EndGlobalSection
	GlobalSection(ProjectConfigurationPlatforms) = postSolution
		{CB36414B-517D-4498-9BEA-6B9BFBE836A4}.Debug|Any CPU.ActiveCfg = Debug|Any CPU
		{CB36414B-517D-4498-9BEA-6B9BFBE836A4}.Debug|Any CPU.Build.0 = Debug|Any CPU
		{CB36414B-517D-4498-9BEA-6B9BFBE836A4}.Release|Any CPU.ActiveCfg = Release|Any CPU
		{CB36414B-517D-4498-9BEA-6B9BFBE836A4}.Release|Any CPU.Build.0 = Release|Any CPU
	EndGlobalSection
	GlobalSection(SolutionProperties) = preSolution
		HideSolutionNode = FALSE
	EndGlobalSection
	GlobalSection(NestedProjects) = preSolution
		{9CCD0AA7-6167-42C8-BC2D-1808D7823C76} = {F85086A4-52DE-400C-9EEB-6E44BD0458FE}
		{4EA17F98-006D-4B4E-B255-A4E16FFF29CD} = {261CF789-53A4-454B-8786-477FF88BD717}
		{1F853765-7F71-46EE-86DF-E86C8574A656} = {9AA1249E-798A-41AA-A432-E4AC8E3C5A36}
		{41B73F72-929D-4351-8ED1-CB046882621B} = {1F853765-7F71-46EE-86DF-E86C8574A656}
		{CB36414B-517D-4498-9BEA-6B9BFBE836A4} = {41B73F72-929D-4351-8ED1-CB046882621B}
	EndGlobalSection
	GlobalSection(ExtensibilityGlobals) = postSolution
		SolutionGuid = {5137A1CC-BD59-4F95-9788-CAC2ED6F7710}
	EndGlobalSection
EndGlobal
